// !$*UTF8*$!
{
	archiveVersion = 1;
	classes = {
	};
	objectVersion = 46;
	objects = {

/* Begin PBXBuildFile section */
		C1AACA811A183BCD0058D4FB /* main.m in Sources */ = {isa = PBXBuildFile; fileRef = C1AACA801A183BCD0058D4FB /* main.m */; };
		C1AACA841A183BCD0058D4FB /* AppDelegate.m in Sources */ = {isa = PBXBuildFile; fileRef = C1AACA831A183BCD0058D4FB /* AppDelegate.m */; };
		C1AACA871A183BCD0058D4FB /* ViewController.m in Sources */ = {isa = PBXBuildFile; fileRef = C1AACA861A183BCD0058D4FB /* ViewController.m */; };
		C1AACA8A1A183BCD0058D4FB /* Main.storyboard in Resources */ = {isa = PBXBuildFile; fileRef = C1AACA881A183BCD0058D4FB /* Main.storyboard */; };
		C1AACA8C1A183BCD0058D4FB /* Images.xcassets in Resources */ = {isa = PBXBuildFile; fileRef = C1AACA8B1A183BCD0058D4FB /* Images.xcassets */; };
		C1AACA8F1A183BCD0058D4FB /* LaunchScreen.xib in Resources */ = {isa = PBXBuildFile; fileRef = C1AACA8D1A183BCD0058D4FB /* LaunchScreen.xib */; };
		C1AACA9B1A183BCD0058D4FB /* TrainTrackerTests.m in Sources */ = {isa = PBXBuildFile; fileRef = C1AACA9A1A183BCD0058D4FB /* TrainTrackerTests.m */; };
		C1AACAA51A183C1C0058D4FB /* CoreLocation.framework in Frameworks */ = {isa = PBXBuildFile; fileRef = C1AACAA41A183C1C0058D4FB /* CoreLocation.framework */; };
		C1AACAA81A183C4A0058D4FB /* LocationViewController.m in Sources */ = {isa = PBXBuildFile; fileRef = C1AACAA71A183C4A0058D4FB /* LocationViewController.m */; };
		C1AACAAE1A18530F0058D4FB /* DataManager.m in Sources */ = {isa = PBXBuildFile; fileRef = C1AACAAD1A18530F0058D4FB /* DataManager.m */; };
		C1AACAB11A1859680058D4FB /* TrackingData.m in Sources */ = {isa = PBXBuildFile; fileRef = C1AACAB01A1859680058D4FB /* TrackingData.m */; };
/* End PBXBuildFile section */

/* Begin PBXContainerItemProxy section */
		C1AACA951A183BCD0058D4FB /* PBXContainerItemProxy */ = {
			isa = PBXContainerItemProxy;
			containerPortal = C1AACA731A183BCD0058D4FB /* Project object */;
			proxyType = 1;
			remoteGlobalIDString = C1AACA7A1A183BCD0058D4FB;
			remoteInfo = TrainTracker;
		};
/* End PBXContainerItemProxy section */

/* Begin PBXFileReference section */
		C1AACA7B1A183BCD0058D4FB /* TrainTracker.app */ = {isa = PBXFileReference; explicitFileType = wrapper.application; includeInIndex = 0; path = TrainTracker.app; sourceTree = BUILT_PRODUCTS_DIR; };
		C1AACA7F1A183BCD0058D4FB /* Info.plist */ = {isa = PBXFileReference; lastKnownFileType = text.plist.xml; path = Info.plist; sourceTree = "<group>"; };
		C1AACA801A183BCD0058D4FB /* main.m */ = {isa = PBXFileReference; lastKnownFileType = sourcecode.c.objc; path = main.m; sourceTree = "<group>"; };
		C1AACA821A183BCD0058D4FB /* AppDelegate.h */ = {isa = PBXFileReference; lastKnownFileType = sourcecode.c.h; path = AppDelegate.h; sourceTree = "<group>"; };
		C1AACA831A183BCD0058D4FB /* AppDelegate.m */ = {isa = PBXFileReference; lastKnownFileType = sourcecode.c.objc; path = AppDelegate.m; sourceTree = "<group>"; };
		C1AACA851A183BCD0058D4FB /* ViewController.h */ = {isa = PBXFileReference; lastKnownFileType = sourcecode.c.h; path = ViewController.h; sourceTree = "<group>"; };
		C1AACA861A183BCD0058D4FB /* ViewController.m */ = {isa = PBXFileReference; lastKnownFileType = sourcecode.c.objc; path = ViewController.m; sourceTree = "<group>"; };
		C1AACA891A183BCD0058D4FB /* Base */ = {isa = PBXFileReference; lastKnownFileType = file.storyboard; name = Base; path = Base.lproj/Main.storyboard; sourceTree = "<group>"; };
		C1AACA8B1A183BCD0058D4FB /* Images.xcassets */ = {isa = PBXFileReference; lastKnownFileType = folder.assetcatalog; path = Images.xcassets; sourceTree = "<group>"; };
		C1AACA8E1A183BCD0058D4FB /* Base */ = {isa = PBXFileReference; lastKnownFileType = file.xib; name = Base; path = Base.lproj/LaunchScreen.xib; sourceTree = "<group>"; };
		C1AACA941A183BCD0058D4FB /* TrainTrackerTests.xctest */ = {isa = PBXFileReference; explicitFileType = wrapper.cfbundle; includeInIndex = 0; path = TrainTrackerTests.xctest; sourceTree = BUILT_PRODUCTS_DIR; };
		C1AACA991A183BCD0058D4FB /* Info.plist */ = {isa = PBXFileReference; lastKnownFileType = text.plist.xml; path = Info.plist; sourceTree = "<group>"; };
		C1AACA9A1A183BCD0058D4FB /* TrainTrackerTests.m */ = {isa = PBXFileReference; lastKnownFileType = sourcecode.c.objc; path = TrainTrackerTests.m; sourceTree = "<group>"; };
		C1AACAA41A183C1C0058D4FB /* CoreLocation.framework */ = {isa = PBXFileReference; lastKnownFileType = wrapper.framework; name = CoreLocation.framework; path = System/Library/Frameworks/CoreLocation.framework; sourceTree = SDKROOT; };
		C1AACAA61A183C4A0058D4FB /* LocationViewController.h */ = {isa = PBXFileReference; fileEncoding = 4; lastKnownFileType = sourcecode.c.h; path = LocationViewController.h; sourceTree = "<group>"; };
		C1AACAA71A183C4A0058D4FB /* LocationViewController.m */ = {isa = PBXFileReference; fileEncoding = 4; lastKnownFileType = sourcecode.c.objc; path = LocationViewController.m; sourceTree = "<group>"; };
		C1AACAAC1A18530F0058D4FB /* DataManager.h */ = {isa = PBXFileReference; fileEncoding = 4; lastKnownFileType = sourcecode.c.h; path = DataManager.h; sourceTree = "<group>"; };
		C1AACAAD1A18530F0058D4FB /* DataManager.m */ = {isa = PBXFileReference; fileEncoding = 4; lastKnownFileType = sourcecode.c.objc; path = DataManager.m; sourceTree = "<group>"; };
		C1AACAAF1A1859680058D4FB /* TrackingData.h */ = {isa = PBXFileReference; fileEncoding = 4; lastKnownFileType = sourcecode.c.h; path = TrackingData.h; sourceTree = "<group>"; };
		C1AACAB01A1859680058D4FB /* TrackingData.m */ = {isa = PBXFileReference; fileEncoding = 4; lastKnownFileType = sourcecode.c.objc; path = TrackingData.m; sourceTree = "<group>"; };
/* End PBXFileReference section */

/* Begin PBXFrameworksBuildPhase section */
		C1AACA781A183BCD0058D4FB /* Frameworks */ = {
			isa = PBXFrameworksBuildPhase;
			buildActionMask = 2147483647;
			files = (
				C1AACAA51A183C1C0058D4FB /* CoreLocation.framework in Frameworks */,
			);
			runOnlyForDeploymentPostprocessing = 0;
		};
		C1AACA911A183BCD0058D4FB /* Frameworks */ = {
			isa = PBXFrameworksBuildPhase;
			buildActionMask = 2147483647;
			files = (
			);
			runOnlyForDeploymentPostprocessing = 0;
		};
/* End PBXFrameworksBuildPhase section */

/* Begin PBXGroup section */
		C1AACA721A183BCD0058D4FB = {
			isa = PBXGroup;
			children = (
				C1AACAA41A183C1C0058D4FB /* CoreLocation.framework */,
				C1AACA7D1A183BCD0058D4FB /* TrainTracker */,
				C1AACA971A183BCD0058D4FB /* TrainTrackerTests */,
				C1AACA7C1A183BCD0058D4FB /* Products */,
			);
			sourceTree = "<group>";
		};
		C1AACA7C1A183BCD0058D4FB /* Products */ = {
			isa = PBXGroup;
			children = (
				C1AACA7B1A183BCD0058D4FB /* TrainTracker.app */,
				C1AACA941A183BCD0058D4FB /* TrainTrackerTests.xctest */,
			);
			name = Products;
			sourceTree = "<group>";
		};
		C1AACA7D1A183BCD0058D4FB /* TrainTracker */ = {
			isa = PBXGroup;
			children = (
				C1AACA821A183BCD0058D4FB /* AppDelegate.h */,
				C1AACA831A183BCD0058D4FB /* AppDelegate.m */,
				C1AACA851A183BCD0058D4FB /* ViewController.h */,
				C1AACA861A183BCD0058D4FB /* ViewController.m */,
				C1AACA881A183BCD0058D4FB /* Main.storyboard */,
				C1AACAA61A183C4A0058D4FB /* LocationViewController.h */,
				C1AACAA71A183C4A0058D4FB /* LocationViewController.m */,
				C1AACA8B1A183BCD0058D4FB /* Images.xcassets */,
				C1AACA8D1A183BCD0058D4FB /* LaunchScreen.xib */,
				C1AACA7E1A183BCD0058D4FB /* Supporting Files */,
				C1AACAAC1A18530F0058D4FB /* DataManager.h */,
				C1AACAAD1A18530F0058D4FB /* DataManager.m */,
				C1AACAAF1A1859680058D4FB /* TrackingData.h */,
				C1AACAB01A1859680058D4FB /* TrackingData.m */,
			);
			path = TrainTracker;
			sourceTree = "<group>";
		};
		C1AACA7E1A183BCD0058D4FB /* Supporting Files */ = {
			isa = PBXGroup;
			children = (
				C1AACA7F1A183BCD0058D4FB /* Info.plist */,
				C1AACA801A183BCD0058D4FB /* main.m */,
			);
			name = "Supporting Files";
			sourceTree = "<group>";
		};
		C1AACA971A183BCD0058D4FB /* TrainTrackerTests */ = {
			isa = PBXGroup;
			children = (
				C1AACA9A1A183BCD0058D4FB /* TrainTrackerTests.m */,
				C1AACA981A183BCD0058D4FB /* Supporting Files */,
			);
			path = TrainTrackerTests;
			sourceTree = "<group>";
		};
		C1AACA981A183BCD0058D4FB /* Supporting Files */ = {
			isa = PBXGroup;
			children = (
				C1AACA991A183BCD0058D4FB /* Info.plist */,
			);
			name = "Supporting Files";
			sourceTree = "<group>";
		};
/* End PBXGroup section */

/* Begin PBXNativeTarget section */
		C1AACA7A1A183BCD0058D4FB /* TrainTracker */ = {
			isa = PBXNativeTarget;
			buildConfigurationList = C1AACA9E1A183BCD0058D4FB /* Build configuration list for PBXNativeTarget "TrainTracker" */;
			buildPhases = (
				C1AACA771A183BCD0058D4FB /* Sources */,
				C1AACA781A183BCD0058D4FB /* Frameworks */,
				C1AACA791A183BCD0058D4FB /* Resources */,
			);
			buildRules = (
			);
			dependencies = (
			);
			name = TrainTracker;
			productName = TrainTracker;
			productReference = C1AACA7B1A183BCD0058D4FB /* TrainTracker.app */;
			productType = "com.apple.product-type.application";
		};
		C1AACA931A183BCD0058D4FB /* TrainTrackerTests */ = {
			isa = PBXNativeTarget;
			buildConfigurationList = C1AACAA11A183BCD0058D4FB /* Build configuration list for PBXNativeTarget "TrainTrackerTests" */;
			buildPhases = (
				C1AACA901A183BCD0058D4FB /* Sources */,
				C1AACA911A183BCD0058D4FB /* Frameworks */,
				C1AACA921A183BCD0058D4FB /* Resources */,
			);
			buildRules = (
			);
			dependencies = (
				C1AACA961A183BCD0058D4FB /* PBXTargetDependency */,
			);
			name = TrainTrackerTests;
			productName = TrainTrackerTests;
			productReference = C1AACA941A183BCD0058D4FB /* TrainTrackerTests.xctest */;
			productType = "com.apple.product-type.bundle.unit-test";
		};
/* End PBXNativeTarget section */

/* Begin PBXProject section */
		C1AACA731A183BCD0058D4FB /* Project object */ = {
			isa = PBXProject;
			attributes = {
				LastUpgradeCheck = 0600;
				ORGANIZATIONNAME = AtsushiOtani;
				TargetAttributes = {
					C1AACA7A1A183BCD0058D4FB = {
						CreatedOnToolsVersion = 6.0;
					};
					C1AACA931A183BCD0058D4FB = {
						CreatedOnToolsVersion = 6.0;
						TestTargetID = C1AACA7A1A183BCD0058D4FB;
					};
				};
			};
			buildConfigurationList = C1AACA761A183BCD0058D4FB /* Build configuration list for PBXProject "TrainTracker" */;
			compatibilityVersion = "Xcode 3.2";
			developmentRegion = English;
			hasScannedForEncodings = 0;
			knownRegions = (
				en,
				Base,
			);
			mainGroup = C1AACA721A183BCD0058D4FB;
			productRefGroup = C1AACA7C1A183BCD0058D4FB /* Products */;
			projectDirPath = "";
			projectRoot = "";
			targets = (
				C1AACA7A1A183BCD0058D4FB /* TrainTracker */,
				C1AACA931A183BCD0058D4FB /* TrainTrackerTests */,
			);
		};
/* End PBXProject section */

/* Begin PBXResourcesBuildPhase section */
		C1AACA791A183BCD0058D4FB /* Resources */ = {
			isa = PBXResourcesBuildPhase;
			buildActionMask = 2147483647;
			files = (
				C1AACA8A1A183BCD0058D4FB /* Main.storyboard in Resources */,
				C1AACA8F1A183BCD0058D4FB /* LaunchScreen.xib in Resources */,
				C1AACA8C1A183BCD0058D4FB /* Images.xcassets in Resources */,
			);
			runOnlyForDeploymentPostprocessing = 0;
		};
		C1AACA921A183BCD0058D4FB /* Resources */ = {
			isa = PBXResourcesBuildPhase;
			buildActionMask = 2147483647;
			files = (
			);
			runOnlyForDeploymentPostprocessing = 0;
		};
/* End PBXResourcesBuildPhase section */

/* Begin PBXSourcesBuildPhase section */
		C1AACA771A183BCD0058D4FB /* Sources */ = {
			isa = PBXSourcesBuildPhase;
			buildActionMask = 2147483647;
			files = (
				C1AACAAE1A18530F0058D4FB /* DataManager.m in Sources */,
				C1AACA871A183BCD0058D4FB /* ViewController.m in Sources */,
				C1AACAB11A1859680058D4FB /* TrackingData.m in Sources */,
				C1AACA841A183BCD0058D4FB /* AppDelegate.m in Sources */,
				C1AACA811A183BCD0058D4FB /* main.m in Sources */,
				C1AACAA81A183C4A0058D4FB /* LocationViewController.m in Sources */,
			);
			runOnlyForDeploymentPostprocessing = 0;
		};
		C1AACA901A183BCD0058D4FB /* Sources */ = {
			isa = PBXSourcesBuildPhase;
			buildActionMask = 2147483647;
			files = (
				C1AACA9B1A183BCD0058D4FB /* TrainTrackerTests.m in Sources */,
			);
			runOnlyForDeploymentPostprocessing = 0;
		};
/* End PBXSourcesBuildPhase section */

/* Begin PBXTargetDependency section */
		C1AACA961A183BCD0058D4FB /* PBXTargetDependency */ = {
			isa = PBXTargetDependency;
			target = C1AACA7A1A183BCD0058D4FB /* TrainTracker */;
			targetProxy = C1AACA951A183BCD0058D4FB /* PBXContainerItemProxy */;
		};
/* End PBXTargetDependency section */

/* Begin PBXVariantGroup section */
		C1AACA881A183BCD0058D4FB /* Main.storyboard */ = {
			isa = PBXVariantGroup;
			children = (
				C1AACA891A183BCD0058D4FB /* Base */,
			);
			name = Main.storyboard;
			sourceTree = "<group>";
		};
		C1AACA8D1A183BCD0058D4FB /* LaunchScreen.xib */ = {
			isa = PBXVariantGroup;
			children = (
				C1AACA8E1A183BCD0058D4FB /* Base */,
			);
			name = LaunchScreen.xib;
			sourceTree = "<group>";
		};
/* End PBXVariantGroup section */

/* Begin XCBuildConfiguration section */
		C1AACA9C1A183BCD0058D4FB /* Debug */ = {
			isa = XCBuildConfiguration;
			buildSettings = {
				ALWAYS_SEARCH_USER_PATHS = NO;
				CLANG_CXX_LANGUAGE_STANDARD = "gnu++0x";
				CLANG_CXX_LIBRARY = "libc++";
				CLANG_ENABLE_MODULES = YES;
				CLANG_ENABLE_OBJC_ARC = YES;
				CLANG_WARN_BOOL_CONVERSION = YES;
				CLANG_WARN_CONSTANT_CONVERSION = YES;
				CLANG_WARN_DIRECT_OBJC_ISA_USAGE = YES_ERROR;
				CLANG_WARN_EMPTY_BODY = YES;
				CLANG_WARN_ENUM_CONVERSION = YES;
				CLANG_WARN_INT_CONVERSION = YES;
				CLANG_WARN_OBJC_ROOT_CLASS = YES_ERROR;
				CLANG_WARN_UNREACHABLE_CODE = YES;
				CLANG_WARN__DUPLICATE_METHOD_MATCH = YES;
				"CODE_SIGN_IDENTITY[sdk=iphoneos*]" = "iPhone Developer";
				COPY_PHASE_STRIP = NO;
				ENABLE_STRICT_OBJC_MSGSEND = YES;
				GCC_C_LANGUAGE_STANDARD = gnu99;
				GCC_DYNAMIC_NO_PIC = NO;
				GCC_OPTIMIZATION_LEVEL = 0;
				GCC_PREPROCESSOR_DEFINITIONS = (
					"DEBUG=1",
					"$(inherited)",
				);
				GCC_SYMBOLS_PRIVATE_EXTERN = NO;
				GCC_WARN_64_TO_32_BIT_CONVERSION = YES;
				GCC_WARN_ABOUT_RETURN_TYPE = YES_ERROR;
				GCC_WARN_UNDECLARED_SELECTOR = YES;
				GCC_WARN_UNINITIALIZED_AUTOS = YES_AGGRESSIVE;
				GCC_WARN_UNUSED_FUNCTION = YES;
				GCC_WARN_UNUSED_VARIABLE = YES;
				IPHONEOS_DEPLOYMENT_TARGET = 8.0;
				MTL_ENABLE_DEBUG_INFO = YES;
				ONLY_ACTIVE_ARCH = YES;
				SDKROOT = iphoneos;
				TARGETED_DEVICE_FAMILY = "1,2";
			};
			name = Debug;
		};
		C1AACA9D1A183BCD0058D4FB /* Release */ = {
			isa = XCBuildConfiguration;
			buildSettings = {
				ALWAYS_SEARCH_USER_PATHS = NO;
				CLANG_CXX_LANGUAGE_STANDARD = "gnu++0x";
				CLANG_CXX_LIBRARY = "libc++";
				CLANG_ENABLE_MODULES = YES;
				CLANG_ENABLE_OBJC_ARC = YES;
				CLANG_WARN_BOOL_CONVERSION = YES;
				CLANG_WARN_CONSTANT_CONVERSION = YES;
				CLANG_WARN_DIRECT_OBJC_ISA_USAGE = YES_ERROR;
				CLANG_WARN_EMPTY_BODY = YES;
				CLANG_WARN_ENUM_CONVERSION = YES;
				CLANG_WARN_INT_CONVERSION = YES;
				CLANG_WARN_OBJC_ROOT_CLASS = YES_ERROR;
				CLANG_WARN_UNREACHABLE_CODE = YES;
				CLANG_WARN__DUPLICATE_METHOD_MATCH = YES;
				"CODE_SIGN_IDENTITY[sdk=iphoneos*]" = "iPhone Developer";
				COPY_PHASE_STRIP = YES;
				ENABLE_NS_ASSERTIONS = NO;
				ENABLE_STRICT_OBJC_MSGSEND = YES;
				GCC_C_LANGUAGE_STANDARD = gnu99;
				GCC_WARN_64_TO_32_BIT_CONVERSION = YES;
				GCC_WARN_ABOUT_RETURN_TYPE = YES_ERROR;
				GCC_WARN_UNDECLARED_SELECTOR = YES;
				GCC_WARN_UNINITIALIZED_AUTOS = YES_AGGRESSIVE;
				GCC_WARN_UNUSED_FUNCTION = YES;
				GCC_WARN_UNUSED_VARIABLE = YES;
				IPHONEOS_DEPLOYMENT_TARGET = 8.0;
				MTL_ENABLE_DEBUG_INFO = NO;
				SDKROOT = iphoneos;
				TARGETED_DEVICE_FAMILY = "1,2";
				VALIDATE_PRODUCT = YES;
			};
			name = Release;
		};
		C1AACA9F1A183BCD0058D4FB /* Debug */ = {
			isa = XCBuildConfiguration;
			buildSettings = {
				ASSETCATALOG_COMPILER_APPICON_NAME = AppIcon;
				INFOPLIST_FILE = TrainTracker/Info.plist;
				IPHONEOS_DEPLOYMENT_TARGET = 7.0;
				LD_RUNPATH_SEARCH_PATHS = "$(inherited) @executable_path/Frameworks";
				PRODUCT_NAME = "$(TARGET_NAME)";
				PROVISIONING_PROFILE = "57d6cd9f-5b72-4b5f-b66e-9ef9210908af";
			};
			name = Debug;
		};
		C1AACAA01A183BCD0058D4FB /* Release */ = {
			isa = XCBuildConfiguration;
			buildSettings = {
				ASSETCATALOG_COMPILER_APPICON_NAME = AppIcon;
				INFOPLIST_FILE = TrainTracker/Info.plist;
				IPHONEOS_DEPLOYMENT_TARGET = 7.0;
				LD_RUNPATH_SEARCH_PATHS = "$(inherited) @executable_path/Frameworks";
				PRODUCT_NAME = "$(TARGET_NAME)";
			};
			name = Release;
		};
		C1AACAA21A183BCD0058D4FB /* Debug */ = {
			isa = XCBuildConfiguration;
			buildSettings = {
				BUNDLE_LOADER = "$(TEST_HOST)";
				FRAMEWORK_SEARCH_PATHS = (
					"$(SDKROOT)/Developer/Library/Frameworks",
					"$(inherited)",
				);
				GCC_PREPROCESSOR_DEFINITIONS = (
					"DEBUG=1",
					"$(inherited)",
				);
				INFOPLIST_FILE = TrainTrackerTests/Info.plist;
				LD_RUNPATH_SEARCH_PATHS = "$(inherited) @executable_path/Frameworks @loader_path/Frameworks";
				PRODUCT_NAME = "$(TARGET_NAME)";
				TEST_HOST = "$(BUILT_PRODUCTS_DIR)/TrainTracker.app/TrainTracker";
			};
			name = Debug;
		};
		C1AACAA31A183BCD0058D4FB /* Release */ = {
			isa = XCBuildConfiguration;
			buildSettings = {
				BUNDLE_LOADER = "$(TEST_HOST)";
				FRAMEWORK_SEARCH_PATHS = (
					"$(SDKROOT)/Developer/Library/Frameworks",
					"$(inherited)",
				);
				INFOPLIST_FILE = TrainTrackerTests/Info.plist;
				LD_RUNPATH_SEARCH_PATHS = "$(inherited) @executable_path/Frameworks @loader_path/Frameworks";
				PRODUCT_NAME = "$(TARGET_NAME)";
				TEST_HOST = "$(BUILT_PRODUCTS_DIR)/TrainTracker.app/TrainTracker";
			};
			name = Release;
		};
/* End XCBuildConfiguration section */

/* Begin XCConfigurationList section */
		C1AACA761A183BCD0058D4FB /* Build configuration list for PBXProject "TrainTracker" */ = {
			isa = XCConfigurationList;
			buildConfigurations = (
				C1AACA9C1A183BCD0058D4FB /* Debug */,
				C1AACA9D1A183BCD0058D4FB /* Release */,
			);
			defaultConfigurationIsVisible = 0;
			defaultConfigurationName = Release;
		};
		C1AACA9E1A183BCD0058D4FB /* Build configuration list for PBXNativeTarget "TrainTracker" */ = {
			isa = XCConfigurationList;
			buildConfigurations = (
				C1AACA9F1A183BCD0058D4FB /* Debug */,
				C1AACAA01A183BCD0058D4FB /* Release */,
			);
			defaultConfigurationIsVisible = 0;
			defaultConfigurationName = Release;
		};
		C1AACAA11A183BCD0058D4FB /* Build configuration list for PBXNativeTarget "TrainTrackerTests" */ = {
			isa = XCConfigurationList;
			buildConfigurations = (
				C1AACAA21A183BCD0058D4FB /* Debug */,
				C1AACAA31A183BCD0058D4FB /* Release */,
			);
			defaultConfigurationIsVisible = 0;
			defaultConfigurationName = Release;
		};
/* End XCConfigurationList section */
	};
	rootObject = C1AACA731A183BCD0058D4FB /* Project object */;
}
